
Microsoft Visual Studio Solution File, Format Version 12.00
# Visual Studio Version 16
VisualStudioVersion = 16.0.808.5
MinimumVisualStudioVersion = 10.0.40219.1
Project("{2150E333-8FDC-42A3-9474-1A3956D46DE8}") = "Gateway", "Gateway", "{FF7A92A0-D158-4C0F-A745-C0BD1A7F968E}"
EndProject
Project("{2150E333-8FDC-42A3-9474-1A3956D46DE8}") = "MSWordTemplateGen", "MSWordTemplateGen", "{D6E2DDB2-8BE5-4161-9639-AF0A3A6A1996}"
EndProject
Project("{FAE04EC0-301F-11D3-BF4B-00C04F79EFBC}") = "SHHH.Gateway.API", "Gateway\SHHH.Gateway.API\SHHH.Gateway.API.csproj", "{E50DE2E2-856D-42C6-BBD5-F543E45941F6}"
EndProject
Project("{FAE04EC0-301F-11D3-BF4B-00C04F79EFBC}") = "SHHH.MSWordTemplateGen.API", "MSWordTemplateGen\SHHH.MSWordTemplateGen.API\SHHH.MSWordTemplateGen.API.csproj", "{D2E4AA0F-4AD9-40B5-8D8A-8E7027374376}"
EndProject
Project("{E53339B2-1760-4266-BCC7-CA923CBCF16C}") = "docker-compose", "docker-compose.dcproj", "{501A8BC4-EE59-456E-B258-D0E9BA06EF24}"
EndProject
Project("{FAE04EC0-301F-11D3-BF4B-00C04F79EFBC}") = "SHHH.MSWordTemplateGen.Generator", "MSWordTemplateGen\SHHH.MSWordTemplateGen.API\SHHH.MSWordTemplateGen.Generator\SHHH.MSWordTemplateGen.Generator.csproj", "{884F9519-86E8-4562-B424-D0A0DCFB7CBC}"
EndProject
Global
	GlobalSection(SolutionConfigurationPlatforms) = preSolution
		Debug|Any CPU = Debug|Any CPU
		Release|Any CPU = Release|Any CPU
	EndGlobalSection
	GlobalSection(ProjectConfigurationPlatforms) = postSolution
		{E50DE2E2-856D-42C6-BBD5-F543E45941F6}.Debug|Any CPU.ActiveCfg = Debug|Any CPU
		{E50DE2E2-856D-42C6-BBD5-F543E45941F6}.Debug|Any CPU.Build.0 = Debug|Any CPU
		{E50DE2E2-856D-42C6-BBD5-F543E45941F6}.Release|Any CPU.ActiveCfg = Release|Any CPU
		{E50DE2E2-856D-42C6-BBD5-F543E45941F6}.Release|Any CPU.Build.0 = Release|Any CPU
		{D2E4AA0F-4AD9-40B5-8D8A-8E7027374376}.Debug|Any CPU.ActiveCfg = Debug|Any CPU
		{D2E4AA0F-4AD9-40B5-8D8A-8E7027374376}.Debug|Any CPU.Build.0 = Debug|Any CPU
		{D2E4AA0F-4AD9-40B5-8D8A-8E7027374376}.Release|Any CPU.ActiveCfg = Release|Any CPU
		{D2E4AA0F-4AD9-40B5-8D8A-8E7027374376}.Release|Any CPU.Build.0 = Release|Any CPU
		{501A8BC4-EE59-456E-B258-D0E9BA06EF24}.Debug|Any CPU.ActiveCfg = Debug|Any CPU
		{501A8BC4-EE59-456E-B258-D0E9BA06EF24}.Debug|Any CPU.Build.0 = Debug|Any CPU
		{501A8BC4-EE59-456E-B258-D0E9BA06EF24}.Release|Any CPU.ActiveCfg = Release|Any CPU
		{501A8BC4-EE59-456E-B258-D0E9BA06EF24}.Release|Any CPU.Build.0 = Release|Any CPU
		{884F9519-86E8-4562-B424-D0A0DCFB7CBC}.Debug|Any CPU.ActiveCfg = Debug|Any CPU
		{884F9519-86E8-4562-B424-D0A0DCFB7CBC}.Debug|Any CPU.Build.0 = Debug|Any CPU
		{884F9519-86E8-4562-B424-D0A0DCFB7CBC}.Release|Any CPU.ActiveCfg = Release|Any CPU
		{884F9519-86E8-4562-B424-D0A0DCFB7CBC}.Release|Any CPU.Build.0 = Release|Any CPU
	EndGlobalSection
	GlobalSection(SolutionProperties) = preSolution
		HideSolutionNode = FALSE
	EndGlobalSection
	GlobalSection(ExtensibilityGlobals) = postSolution
		SolutionGuid = {DC63176D-A77D-4CA6-8E72-A0F778CE0E16}
	EndGlobalSection
	GlobalSection(NestedProjects) = preSolution
		{E50DE2E2-856D-42C6-BBD5-F543E45941F6} = {FF7A92A0-D158-4C0F-A745-C0BD1A7F968E}
		{D2E4AA0F-4AD9-40B5-8D8A-8E7027374376} = {D6E2DDB2-8BE5-4161-9639-AF0A3A6A1996}
		{884F9519-86E8-4562-B424-D0A0DCFB7CBC} = {D6E2DDB2-8BE5-4161-9639-AF0A3A6A1996}
	EndGlobalSection
EndGlobal
